  "version": "1.0.0",
  "lockfileVersion": 2,
  "requires": true,
  "packages": {
    "": {
      "name": "auth-demo",
      "version": "1.0.0",
      "dependencies": {
        "bcrypt": "^5.0.1",
        "dotenv": "^10.0.0",
        "express": "^4.17.1",
        "express-flash": "^0.0.2",
        "express-session": "^1.17.1",
        "method-override": "^3.0.0",
        "passport": "^0.4.1",
        "passport-local": "^1.0.0"
      }
    },
    ...
  },
  "dependencies": {
    "bcrypt": {
      "version": "5.0.1",
      "resolved": "https://registry.npmjs.org/bcrypt/-/bcrypt-5.0.1.tgz",
      "integrity": "sha512-YHiqeN/5nZw6LrC9JL5l+t03/TOUPBPOU8BAdtWqoVNFnqZhM+uT1jC8rLF6+Xt49zkAVT9Z1CckVOcgbZ3zTw==",
      "requires": {
        "node-pre-gyp": "^0.16.0"
      }
    },
    ...
  }
}
